
Microsoft Visual Studio Solution File, Format Version 12.00
Project("{FAE04EC0-301F-11D3-BF4B-00C04F79EFBC}") = "Library.Database", "Library.Database\Library.Database.csproj", "{D6174ECB-6921-4151-A057-94FB3970B2AE}"
EndProject
Project("{FAE04EC0-301F-11D3-BF4B-00C04F79EFBC}") = "Library.Domain", "Library.Domain\Library.Domain.csproj", "{FC9EA0B9-5142-4765-903D-491728FC87B0}"
EndProject
Project("{FAE04EC0-301F-11D3-BF4B-00C04F79EFBC}") = "Library.Parser", "Library.Parser\Library.Parser.csproj", "{98732551-95A6-4560-B722-9146ED7A4742}"
EndProject
Project("{FAE04EC0-301F-11D3-BF4B-00C04F79EFBC}") = "Library.Web", "Library.Web\Library.Web.csproj", "{5B028DFA-015B-4AB9-9F56-9F8794462093}"
EndProject
Global
	GlobalSection(SolutionConfigurationPlatforms) = preSolution
		Debug|Any CPU = Debug|Any CPU
		Release|Any CPU = Release|Any CPU
	EndGlobalSection
	GlobalSection(ProjectConfigurationPlatforms) = postSolution
		{D6174ECB-6921-4151-A057-94FB3970B2AE}.Debug|Any CPU.ActiveCfg = Debug|Any CPU
		{D6174ECB-6921-4151-A057-94FB3970B2AE}.Debug|Any CPU.Build.0 = Debug|Any CPU
		{D6174ECB-6921-4151-A057-94FB3970B2AE}.Release|Any CPU.ActiveCfg = Release|Any CPU
		{D6174ECB-6921-4151-A057-94FB3970B2AE}.Release|Any CPU.Build.0 = Release|Any CPU
		{FC9EA0B9-5142-4765-903D-491728FC87B0}.Debug|Any CPU.ActiveCfg = Debug|Any CPU
		{FC9EA0B9-5142-4765-903D-491728FC87B0}.Debug|Any CPU.Build.0 = Debug|Any CPU
		{FC9EA0B9-5142-4765-903D-491728FC87B0}.Release|Any CPU.ActiveCfg = Release|Any CPU
		{FC9EA0B9-5142-4765-903D-491728FC87B0}.Release|Any CPU.Build.0 = Release|Any CPU
		{98732551-95A6-4560-B722-9146ED7A4742}.Debug|Any CPU.ActiveCfg = Debug|Any CPU
		{98732551-95A6-4560-B722-9146ED7A4742}.Debug|Any CPU.Build.0 = Debug|Any CPU
		{98732551-95A6-4560-B722-9146ED7A4742}.Release|Any CPU.ActiveCfg = Release|Any CPU
		{98732551-95A6-4560-B722-9146ED7A4742}.Release|Any CPU.Build.0 = Release|Any CPU
		{5B028DFA-015B-4AB9-9F56-9F8794462093}.Debug|Any CPU.ActiveCfg = Debug|Any CPU
		{5B028DFA-015B-4AB9-9F56-9F8794462093}.Debug|Any CPU.Build.0 = Debug|Any CPU
		{5B028DFA-015B-4AB9-9F56-9F8794462093}.Release|Any CPU.ActiveCfg = Release|Any CPU
		{5B028DFA-015B-4AB9-9F56-9F8794462093}.Release|Any CPU.Build.0 = Release|Any CPU
	EndGlobalSection
EndGlobal
